// !$*UTF8*$!
{
	archiveVersion = 1;
	classes = {
	};
	objectVersion = 50;
	objects = {

/* Begin PBXBuildFile section */
		88C39D75218AE5F800A8F67E /* AppDelegate.swift in Sources */ = {isa = PBXBuildFile; fileRef = 88C39D74218AE5F800A8F67E /* AppDelegate.swift */; };
		88C39D77218AE5F800A8F67E /* ViewController.swift in Sources */ = {isa = PBXBuildFile; fileRef = 88C39D76218AE5F800A8F67E /* ViewController.swift */; };
		88C39D7A218AE5F800A8F67E /* Main.storyboard in Resources */ = {isa = PBXBuildFile; fileRef = 88C39D78218AE5F800A8F67E /* Main.storyboard */; };
		88C39D7C218AE5FA00A8F67E /* Assets.xcassets in Resources */ = {isa = PBXBuildFile; fileRef = 88C39D7B218AE5FA00A8F67E /* Assets.xcassets */; };
		88C39D7F218AE5FA00A8F67E /* LaunchScreen.storyboard in Resources */ = {isa = PBXBuildFile; fileRef = 88C39D7D218AE5FA00A8F67E /* LaunchScreen.storyboard */; };
		DADACE63D1FD481EAADB85B5 /* Pods_snapMoji.framework in Frameworks */ = {isa = PBXBuildFile; fileRef = 18562E9FC8B27672F4DA74A8 /* Pods_snapMoji.framework */; };
/* End PBXBuildFile section */

/* Begin PBXFileReference section */
		0FBD9318CD6793368D6A3993 /* Pods-snapMoji.release.xcconfig */ = {isa = PBXFileReference; includeInIndex = 1; lastKnownFileType = text.xcconfig; name = "Pods-snapMoji.release.xcconfig"; path = "Target Support Files/Pods-snapMoji/Pods-snapMoji.release.xcconfig"; sourceTree = "<group>"; };
		18562E9FC8B27672F4DA74A8 /* Pods_snapMoji.framework */ = {isa = PBXFileReference; explicitFileType = wrapper.framework; includeInIndex = 0; path = Pods_snapMoji.framework; sourceTree = BUILT_PRODUCTS_DIR; };
		72C9047E3FEA589BE959ABD1 /* Pods-snapMoji.debug.xcconfig */ = {isa = PBXFileReference; includeInIndex = 1; lastKnownFileType = text.xcconfig; name = "Pods-snapMoji.debug.xcconfig"; path = "Target Support Files/Pods-snapMoji/Pods-snapMoji.debug.xcconfig"; sourceTree = "<group>"; };
		88C39D71218AE5F800A8F67E /* snapMoji.app */ = {isa = PBXFileReference; explicitFileType = wrapper.application; includeInIndex = 0; path = snapMoji.app; sourceTree = BUILT_PRODUCTS_DIR; };
		88C39D74218AE5F800A8F67E /* AppDelegate.swift */ = {isa = PBXFileReference; lastKnownFileType = sourcecode.swift; path = AppDelegate.swift; sourceTree = "<group>"; };
		88C39D76218AE5F800A8F67E /* ViewController.swift */ = {isa = PBXFileReference; lastKnownFileType = sourcecode.swift; path = ViewController.swift; sourceTree = "<group>"; };
		88C39D79218AE5F800A8F67E /* Base */ = {isa = PBXFileReference; lastKnownFileType = file.storyboard; name = Base; path = Base.lproj/Main.storyboard; sourceTree = "<group>"; };
		88C39D7B218AE5FA00A8F67E /* Assets.xcassets */ = {isa = PBXFileReference; lastKnownFileType = folder.assetcatalog; path = Assets.xcassets; sourceTree = "<group>"; };
		88C39D7E218AE5FA00A8F67E /* Base */ = {isa = PBXFileReference; lastKnownFileType = file.storyboard; name = Base; path = Base.lproj/LaunchScreen.storyboard; sourceTree = "<group>"; };
		88C39D80218AE5FA00A8F67E /* Info.plist */ = {isa = PBXFileReference; lastKnownFileType = text.plist.xml; path = Info.plist; sourceTree = "<group>"; };
/* End PBXFileReference section */

/* Begin PBXFrameworksBuildPhase section */
		88C39D6E218AE5F800A8F67E /* Frameworks */ = {
			isa = PBXFrameworksBuildPhase;
			buildActionMask = 2147483647;
			files = (
				DADACE63D1FD481EAADB85B5 /* Pods_snapMoji.framework in Frameworks */,
			);
			runOnlyForDeploymentPostprocessing = 0;
		};
/* End PBXFrameworksBuildPhase section */

/* Begin PBXGroup section */
		88C39D68218AE5F800A8F67E = {
			isa = PBXGroup;
			children = (
				88C39D73218AE5F800A8F67E /* snapMoji */,
				88C39D72218AE5F800A8F67E /* Products */,
				FA676AE2A48C3F41091B13F7 /* Pods */,
				A3769607B07ECA2AB9F8B105 /* Frameworks */,
			);
			sourceTree = "<group>";
		};
		88C39D72218AE5F800A8F67E /* Products */ = {
			isa = PBXGroup;
			children = (
				88C39D71218AE5F800A8F67E /* snapMoji.app */,
			);
			name = Products;
			sourceTree = "<group>";
		};
		88C39D73218AE5F800A8F67E /* snapMoji */ = {
			isa = PBXGroup;
			children = (
				88C39D74218AE5F800A8F67E /* AppDelegate.swift */,
				88C39D76218AE5F800A8F67E /* ViewController.swift */,
				88C39D78218AE5F800A8F67E /* Main.storyboard */,
				88C39D7B218AE5FA00A8F67E /* Assets.xcassets */,
				88C39D7D218AE5FA00A8F67E /* LaunchScreen.storyboard */,
				88C39D80218AE5FA00A8F67E /* Info.plist */,
			);
			path = snapMoji;
			sourceTree = "<group>";
		};
		A3769607B07ECA2AB9F8B105 /* Frameworks */ = {
			isa = PBXGroup;
			children = (
				18562E9FC8B27672F4DA74A8 /* Pods_snapMoji.framework */,
			);
			name = Frameworks;
			sourceTree = "<group>";
		};
		FA676AE2A48C3F41091B13F7 /* Pods */ = {
			isa = PBXGroup;
			children = (
				72C9047E3FEA589BE959ABD1 /* Pods-snapMoji.debug.xcconfig */,
				0FBD9318CD6793368D6A3993 /* Pods-snapMoji.release.xcconfig */,
			);
			name = Pods;
			path = Pods;
			sourceTree = "<group>";
		};
/* End PBXGroup section */

/* Begin PBXNativeTarget section */
		88C39D70218AE5F800A8F67E /* snapMoji */ = {
			isa = PBXNativeTarget;
			buildConfigurationList = 88C39D83218AE5FA00A8F67E /* Build configuration list for PBXNativeTarget "snapMoji" */;
			buildPhases = (
				A500A7CBACBEED7C9189C9F0 /* [CP] Check Pods Manifest.lock */,
				88C39D6D218AE5F800A8F67E /* Sources */,
				88C39D6E218AE5F800A8F67E /* Frameworks */,
				88C39D6F218AE5F800A8F67E /* Resources */,
				CF1D665DA9B4763A49BCFBE5 /* [CP] Embed Pods Frameworks */,
			);
			buildRules = (
			);
			dependencies = (
			);
			name = snapMoji;
			productName = SmileTracker;
			productReference = 88C39D71218AE5F800A8F67E /* snapMoji.app */;
			productType = "com.apple.product-type.application";
		};
/* End PBXNativeTarget section */

/* Begin PBXProject section */
		88C39D69218AE5F800A8F67E /* Project object */ = {
			isa = PBXProject;
			attributes = {
				LastSwiftUpdateCheck = 0940;
				LastUpgradeCheck = 0940;
				ORGANIZATIONNAME = "Shelley, Jake";
				TargetAttributes = {
					88C39D70218AE5F800A8F67E = {
						CreatedOnToolsVersion = 9.4.1;
						SystemCapabilities = {
							com.apple.BackgroundModes = {
								enabled = 1;
							};
						};
					};
				};
			};
			buildConfigurationList = 88C39D6C218AE5F800A8F67E /* Build configuration list for PBXProject "snapMoji" */;
			compatibilityVersion = "Xcode 9.3";
			developmentRegion = en;
			hasScannedForEncodings = 0;
			knownRegions = (
				en,
				Base,
			);
			mainGroup = 88C39D68218AE5F800A8F67E;
			productRefGroup = 88C39D72218AE5F800A8F67E /* Products */;
			projectDirPath = "";
			projectRoot = "";
			targets = (
				88C39D70218AE5F800A8F67E /* snapMoji */,
			);
		};
/* End PBXProject section */

/* Begin PBXResourcesBuildPhase section */
		88C39D6F218AE5F800A8F67E /* Resources */ = {
			isa = PBXResourcesBuildPhase;
			buildActionMask = 2147483647;
			files = (
				88C39D7F218AE5FA00A8F67E /* LaunchScreen.storyboard in Resources */,
				88C39D7C218AE5FA00A8F67E /* Assets.xcassets in Resources */,
				88C39D7A218AE5F800A8F67E /* Main.storyboard in Resources */,
			);
			runOnlyForDeploymentPostprocessing = 0;
		};
/* End PBXResourcesBuildPhase section */

/* Begin PBXShellScriptBuildPhase section */
		A500A7CBACBEED7C9189C9F0 /* [CP] Check Pods Manifest.lock */ = {
			isa = PBXShellScriptBuildPhase;
			buildActionMask = 2147483647;
			files = (
			);
			inputFileListPaths = (
			);
			inputPaths = (
				"${PODS_PODFILE_DIR_PATH}/Podfile.lock",
				"${PODS_ROOT}/Manifest.lock",
			);
			name = "[CP] Check Pods Manifest.lock";
			outputFileListPaths = (
			);
			outputPaths = (
				"$(DERIVED_FILE_DIR)/Pods-snapMoji-checkManifestLockResult.txt",
			);
			runOnlyForDeploymentPostprocessing = 0;
			shellPath = /bin/sh;
			shellScript = "diff \"${PODS_PODFILE_DIR_PATH}/Podfile.lock\" \"${PODS_ROOT}/Manifest.lock\" > /dev/null\nif [ $? != 0 ] ; then\n    # print error to STDERR\n    echo \"error: The sandbox is not in sync with the Podfile.lock. Run 'pod install' or update your CocoaPods installation.\" >&2\n    exit 1\nfi\n# This output is used by Xcode 'outputs' to avoid re-running this script phase.\necho \"SUCCESS\" > \"${SCRIPT_OUTPUT_FILE_0}\"\n";
			showEnvVarsInLog = 0;
		};
		CF1D665DA9B4763A49BCFBE5 /* [CP] Embed Pods Frameworks */ = {
			isa = PBXShellScriptBuildPhase;
			buildActionMask = 2147483647;
			files = (
			);
			inputFileListPaths = (
				"${PODS_ROOT}/Target Support Files/Pods-snapMoji/Pods-snapMoji-frameworks-${CONFIGURATION}-input-files.xcfilelist",
			);
			name = "[CP] Embed Pods Frameworks";
			outputFileListPaths = (
				"${PODS_ROOT}/Target Support Files/Pods-snapMoji/Pods-snapMoji-frameworks-${CONFIGURATION}-output-files.xcfilelist",
			);
			runOnlyForDeploymentPostprocessing = 0;
			shellPath = /bin/sh;
			shellScript = "\"${PODS_ROOT}/Target Support Files/Pods-snapMoji/Pods-snapMoji-frameworks.sh\"\n";
			showEnvVarsInLog = 0;
		};
/* End PBXShellScriptBuildPhase section */

/* Begin PBXSourcesBuildPhase section */
		88C39D6D218AE5F800A8F67E /* Sources */ = {
			isa = PBXSourcesBuildPhase;
			buildActionMask = 2147483647;
			files = (
				88C39D77218AE5F800A8F67E /* ViewController.swift in Sources */,
				88C39D75218AE5F800A8F67E /* AppDelegate.swift in Sources */,
			);
			runOnlyForDeploymentPostprocessing = 0;
		};
/* End PBXSourcesBuildPhase section */

/* Begin PBXVariantGroup section */
		88C39D78218AE5F800A8F67E /* Main.storyboard */ = {
			isa = PBXVariantGroup;
			children = (
				88C39D79218AE5F800A8F67E /* Base */,
			);
			name = Main.storyboard;
			sourceTree = "<group>";
		};
		88C39D7D218AE5FA00A8F67E /* LaunchScreen.storyboard */ = {
			isa = PBXVariantGroup;
			children = (
				88C39D7E218AE5FA00A8F67E /* Base */,
			);
			name = LaunchScreen.storyboard;
			sourceTree = "<group>";
		};
/* End PBXVariantGroup section */

/* Begin XCBuildConfiguration section */
		88C39D81218AE5FA00A8F67E /* Debug */ = {
			isa = XCBuildConfiguration;
			buildSettings = {
				ALWAYS_SEARCH_USER_PATHS = NO;
				CLANG_ANALYZER_NONNULL = YES;
				CLANG_ANALYZER_NUMBER_OBJECT_CONVERSION = YES_AGGRESSIVE;
				CLANG_CXX_LANGUAGE_STANDARD = "gnu++14";
				CLANG_CXX_LIBRARY = "libc++";
				CLANG_ENABLE_MODULES = YES;
				CLANG_ENABLE_OBJC_ARC = YES;
				CLANG_ENABLE_OBJC_WEAK = YES;
				CLANG_WARN_BLOCK_CAPTURE_AUTORELEASING = YES;
				CLANG_WARN_BOOL_CONVERSION = YES;
				CLANG_WARN_COMMA = YES;
				CLANG_WARN_CONSTANT_CONVERSION = YES;
				CLANG_WARN_DEPRECATED_OBJC_IMPLEMENTATIONS = YES;
				CLANG_WARN_DIRECT_OBJC_ISA_USAGE = YES_ERROR;
				CLANG_WARN_DOCUMENTATION_COMMENTS = YES;
				CLANG_WARN_EMPTY_BODY = YES;
				CLANG_WARN_ENUM_CONVERSION = YES;
				CLANG_WARN_INFINITE_RECURSION = YES;
				CLANG_WARN_INT_CONVERSION = YES;
				CLANG_WARN_NON_LITERAL_NULL_CONVERSION = YES;
				CLANG_WARN_OBJC_IMPLICIT_RETAIN_SELF = YES;
				CLANG_WARN_OBJC_LITERAL_CONVERSION = YES;
				CLANG_WARN_OBJC_ROOT_CLASS = YES_ERROR;
				CLANG_WARN_RANGE_LOOP_ANALYSIS = YES;
				CLANG_WARN_STRICT_PROTOTYPES = YES;
				CLANG_WARN_SUSPICIOUS_MOVE = YES;
				CLANG_WARN_UNGUARDED_AVAILABILITY = YES_AGGRESSIVE;
				CLANG_WARN_UNREACHABLE_CODE = YES;
				CLANG_WARN__DUPLICATE_METHOD_MATCH = YES;
				CODE_SIGN_IDENTITY = "iPhone Developer";
				COPY_PHASE_STRIP = NO;
				DEBUG_INFORMATION_FORMAT = dwarf;
				ENABLE_STRICT_OBJC_MSGSEND = YES;
				ENABLE_TESTABILITY = YES;
				GCC_C_LANGUAGE_STANDARD = gnu11;
				GCC_DYNAMIC_NO_PIC = NO;
				GCC_NO_COMMON_BLOCKS = YES;
				GCC_OPTIMIZATION_LEVEL = 0;
				GCC_PREPROCESSOR_DEFINITIONS = (
					"DEBUG=1",
					"$(inherited)",
				);
				GCC_WARN_64_TO_32_BIT_CONVERSION = YES;
				GCC_WARN_ABOUT_RETURN_TYPE = YES_ERROR;
				GCC_WARN_UNDECLARED_SELECTOR = YES;
				GCC_WARN_UNINITIALIZED_AUTOS = YES_AGGRESSIVE;
				GCC_WARN_UNUSED_FUNCTION = YES;
				GCC_WARN_UNUSED_VARIABLE = YES;
				IPHONEOS_DEPLOYMENT_TARGET = 11.4;
				MTL_ENABLE_DEBUG_INFO = YES;
				ONLY_ACTIVE_ARCH = YES;
				SDKROOT = iphoneos;
				SWIFT_ACTIVE_COMPILATION_CONDITIONS = DEBUG;
				SWIFT_OPTIMIZATION_LEVEL = "-Onone";
			};
			name = Debug;
		};
		88C39D82218AE5FA00A8F67E /* Release */ = {
			isa = XCBuildConfiguration;
			buildSettings = {
				ALWAYS_SEARCH_USER_PATHS = NO;
				CLANG_ANALYZER_NONNULL = YES;
				CLANG_ANALYZER_NUMBER_OBJECT_CONVERSION = YES_AGGRESSIVE;
				CLANG_CXX_LANGUAGE_STANDARD = "gnu++14";
				CLANG_CXX_LIBRARY = "libc++";
				CLANG_ENABLE_MODULES = YES;
				CLANG_ENABLE_OBJC_ARC = YES;
				CLANG_ENABLE_OBJC_WEAK = YES;
				CLANG_WARN_BLOCK_CAPTURE_AUTORELEASING = YES;
				CLANG_WARN_BOOL_CONVERSION = YES;
				CLANG_WARN_COMMA = YES;
				CLANG_WARN_CONSTANT_CONVERSION = YES;
				CLANG_WARN_DEPRECATED_OBJC_IMPLEMENTATIONS = YES;
				CLANG_WARN_DIRECT_OBJC_ISA_USAGE = YES_ERROR;
				CLANG_WARN_DOCUMENTATION_COMMENTS = YES;
				CLANG_WARN_EMPTY_BODY = YES;
				CLANG_WARN_ENUM_CONVERSION = YES;
				CLANG_WARN_INFINITE_RECURSION = YES;
				CLANG_WARN_INT_CONVERSION = YES;
				CLANG_WARN_NON_LITERAL_NULL_CONVERSION = YES;
				CLANG_WARN_OBJC_IMPLICIT_RETAIN_SELF = YES;
				CLANG_WARN_OBJC_LITERAL_CONVERSION = YES;
				CLANG_WARN_OBJC_ROOT_CLASS = YES_ERROR;
				CLANG_WARN_RANGE_LOOP_ANALYSIS = YES;
				CLANG_WARN_STRICT_PROTOTYPES = YES;
				CLANG_WARN_SUSPICIOUS_MOVE = YES;
				CLANG_WARN_UNGUARDED_AVAILABILITY = YES_AGGRESSIVE;
				CLANG_WARN_UNREACHABLE_CODE = YES;
				CLANG_WARN__DUPLICATE_METHOD_MATCH = YES;
				CODE_SIGN_IDENTITY = "iPhone Developer";
				COPY_PHASE_STRIP = NO;
				DEBUG_INFORMATION_FORMAT = "dwarf-with-dsym";
				ENABLE_NS_ASSERTIONS = NO;
				ENABLE_STRICT_OBJC_MSGSEND = YES;
				GCC_C_LANGUAGE_STANDARD = gnu11;
				GCC_NO_COMMON_BLOCKS = YES;
				GCC_WARN_64_TO_32_BIT_CONVERSION = YES;
				GCC_WARN_ABOUT_RETURN_TYPE = YES_ERROR;
				GCC_WARN_UNDECLARED_SELECTOR = YES;
				GCC_WARN_UNINITIALIZED_AUTOS = YES_AGGRESSIVE;
				GCC_WARN_UNUSED_FUNCTION = YES;
				GCC_WARN_UNUSED_VARIABLE = YES;
				IPHONEOS_DEPLOYMENT_TARGET = 11.4;
				MTL_ENABLE_DEBUG_INFO = NO;
				SDKROOT = iphoneos;
				SWIFT_COMPILATION_MODE = wholemodule;
				SWIFT_OPTIMIZATION_LEVEL = "-O";
				VALIDATE_PRODUCT = YES;
			};
			name = Release;
		};
		88C39D84218AE5FA00A8F67E /* Debug */ = {
			isa = XCBuildConfiguration;
			baseConfigurationReference = 72C9047E3FEA589BE959ABD1 /* Pods-snapMoji.debug.xcconfig */;
			buildSettings = {
				ASSETCATALOG_COMPILER_APPICON_NAME = AppIcon;
				CODE_SIGN_STYLE = Automatic;
				DEVELOPMENT_TEAM = 9F3ED5X4UJ;
				INFOPLIST_FILE = snapMoji/Info.plist;
				IPHONEOS_DEPLOYMENT_TARGET = 12.2;
				LD_RUNPATH_SEARCH_PATHS = (
					"$(inherited)",
					"@executable_path/Frameworks",
				);
				PRODUCT_BUNDLE_IDENTIFIER = "com.hb19-apptapp";
				PRODUCT_NAME = "$(TARGET_NAME)";
				SWIFT_VERSION = 4.0;
				TARGETED_DEVICE_FAMILY = "1,2";
			};
			name = Debug;
		};
		88C39D85218AE5FA00A8F67E /* Release */ = {
			isa = XCBuildConfiguration;
			baseConfigurationReference = 0FBD9318CD6793368D6A3993 /* Pods-snapMoji.release.xcconfig */;
			buildSettings = {
				ASSETCATALOG_COMPILER_APPICON_NAME = AppIcon;
				CODE_SIGN_STYLE = Automatic;
				DEVELOPMENT_TEAM = 9F3ED5X4UJ;
				INFOPLIST_FILE = snapMoji/Info.plist;
				IPHONEOS_DEPLOYMENT_TARGET = 12.2;
				LD_RUNPATH_SEARCH_PATHS = (
					"$(inherited)",
					"@executable_path/Frameworks",
				);
				PRODUCT_BUNDLE_IDENTIFIER = "com.hb19-apptapp";
				PRODUCT_NAME = "$(TARGET_NAME)";
				SWIFT_VERSION = 4.0;
				TARGETED_DEVICE_FAMILY = "1,2";
			};
			name = Release;
		};
/* End XCBuildConfiguration section */

/* Begin XCConfigurationList section */
		88C39D6C218AE5F800A8F67E /* Build configuration list for PBXProject "snapMoji" */ = {
			isa = XCConfigurationList;
			buildConfigurations = (
				88C39D81218AE5FA00A8F67E /* Debug */,
				88C39D82218AE5FA00A8F67E /* Release */,
			);
			defaultConfigurationIsVisible = 0;
			defaultConfigurationName = Release;
		};
		88C39D83218AE5FA00A8F67E /* Build configuration list for PBXNativeTarget "snapMoji" */ = {
			isa = XCConfigurationList;
			buildConfigurations = (
				88C39D84218AE5FA00A8F67E /* Debug */,
				88C39D85218AE5FA00A8F67E /* Release */,
			);
			defaultConfigurationIsVisible = 0;
			defaultConfigurationName = Release;
		};
/* End XCConfigurationList section */
	};
	rootObject = 88C39D69218AE5F800A8F67E /* Project object */;
}
